<?xml version="1.0" encoding="utf-8"?>
<Project ToolsVersion="4.0" xmlns="http://schemas.microsoft.com/developer/msbuild/2003">
  <ItemGroup>
    <Filter Include="Source Files">
      <UniqueIdentifier>{4FC737F1-C7A5-4376-A066-2A32D752A2FF}</UniqueIdentifier>
      <Extensions>cpp;c;cc;cxx;def;odl;idl;hpj;bat;asm;asmx</Extensions>
    </Filter>
    <Filter Include="Header Files">
      <UniqueIdentifier>{93995380-89BD-4b04-88EB-625FBE52EBFB}</UniqueIdentifier>
      <Extensions>h;hh;hpp;hxx;hm;inl;inc;xsd</Extensions>
    </Filter>
    <Filter Include="Resource Files">
      <UniqueIdentifier>{D9D6E242-F8AF-46E4-B9FD-80ECBC20BA3E}</UniqueIdentifier>
      <Extensions>qrc;*</Extensions>
      <ParseFiles>false</ParseFiles>
    </Filter>
    <Filter Include="Form Files">
      <UniqueIdentifier>{99349809-55BA-4b9d-BF79-8FDBB0286EB3}</UniqueIdentifier>
      <Extensions>ui</Extensions>
      <ParseFiles>true</ParseFiles>
    </Filter>
    <Filter Include="Generated Files">
      <UniqueIdentifier>{71ED8ED8-ACB9-4CE9-BBE1-E00B30144E11}</UniqueIdentifier>
      <Extensions>moc;h;cpp</Extensions>
      <ParseFiles>true</ParseFiles>
    </Filter>
    <Filter Include="Generated Files\ReleaseWithDebugInfo">
      <UniqueIdentifier>{e361ec7d-9158-4cc6-8705-705d95807bfc}</UniqueIdentifier>
      <Extensions>cpp;moc</Extensions>
      <SourceControlFiles>False</SourceControlFiles>
    </Filter>
    <Filter Include="Generated Files\Debug">
      <UniqueIdentifier>{57a705a2-4510-441e-b9fd-def256bf9cc3}</UniqueIdentifier>
      <Extensions>cpp;moc</Extensions>
      <SourceControlFiles>False</SourceControlFiles>
    </Filter>
    <Filter Include="Generated Files\Release">
      <UniqueIdentifier>{d5925ef4-d9eb-4733-b33e-30b4636f01bb}</UniqueIdentifier>
      <Extensions>cpp;moc</Extensions>
      <SourceControlFiles>False</SourceControlFiles>
    </Filter>
  </ItemGroup>
  <ItemGroup>
    <CustomBuild Include="dlgAddPln.ui">
      <Filter>Form Files</Filter>
    </CustomBuild>
    <CustomBuild Include="dlgFittingBox.ui">
      <Filter>Form Files</Filter>
    </CustomBuild>
    <CustomBuild Include="main_window.ui">
      <Filter>Form Files</Filter>
    </CustomBuild>
    <CustomBuild Include="ransacParam.ui">
      <Filter>Form Files</Filter>
    </CustomBuild>
    <CustomBuild Include="simpleWidget.h">
      <Filter>Header Files</Filter>
    </CustomBuild>
    <CustomBuild Include="paint_canvas.h">
      <Filter>Header Files</Filter>
    </CustomBuild>
    <CustomBuild Include="main_window.h">
      <Filter>Header Files</Filter>
    </CustomBuild>
    <CustomBuild Include="CDlgAddPlane.h">
      <Filter>Header Files</Filter>
    </CustomBuild>
    <CustomBuild Include="DlgFittingBox.h">
      <Filter>Header Files</Filter>
    </CustomBuild>
    <CustomBuild Include="DlgransacParam.h">
      <Filter>Header Files</Filter>
    </CustomBuild>
    <CustomBuild Include="Resources\ManhattanModeler.qrc">
      <Filter>Resource Files</Filter>
    </CustomBuild>
  </ItemGroup>
  <ItemGroup>
    <ClInclude Include="GeneratedFiles\ui_dlgAddPln.h">
      <Filter>Generated Files</Filter>
    </ClInclude>
    <ClInclude Include="GeneratedFiles\ui_dlgFittingBox.h">
      <Filter>Generated Files</Filter>
    </ClInclude>
    <ClInclude Include="GeneratedFiles\ui_main_window.h">
      <Filter>Generated Files</Filter>
    </ClInclude>
    <ClInclude Include="GeneratedFiles\ui_ransacParam.h">
      <Filter>Generated Files</Filter>
    </ClInclude>
    <ClInclude Include="tree_item.h">
      <Filter>Header Files</Filter>
    </ClInclude>
    <ClInclude Include="tool3D.h">
      <Filter>Header Files</Filter>
    </ClInclude>
    <ClInclude Include="tool_name.h">
      <Filter>Header Files</Filter>
    </ClInclude>
    <ClInclude Include="tool_manager3d.h">
      <Filter>Header Files</Filter>
    </ClInclude>
    <ClInclude Include="smart_pointer.h">
      <Filter>Header Files</Filter>
    </ClInclude>
    <ClInclude Include="select_tool.h">
      <Filter>Header Files</Filter>
    </ClInclude>
    <ClInclude Include="rply.h">
      <Filter>Header Files</Filter>
    </ClInclude>
    <ClInclude Include="ransac_detector.h">
      <Filter>Header Files</Filter>
    </ClInclude>
    <ClInclude Include="ProgressBar.h">
      <Filter>Header Files</Filter>
    </ClInclude>
    <ClInclude Include="PlyLoad.h">
      <Filter>Header Files</Filter>
    </ClInclude>
    <ClInclude Include="plyIO.h">
      <Filter>Header Files</Filter>
    </ClInclude>
    <ClInclude Include="pgm_io.h">
      <Filter>Header Files</Filter>
    </ClInclude>
    <ClInclude Include="Parameters.h">
      <Filter>Header Files</Filter>
    </ClInclude>
    <ClInclude Include="math_types.h">
      <Filter>Header Files</Filter>
    </ClInclude>
    <ClInclude Include="math_global.h">
      <Filter>Header Files</Filter>
    </ClInclude>
    <ClInclude Include="logger_client.h">
      <Filter>Header Files</Filter>
    </ClInclude>
    <ClInclude Include="logger.h">
      <Filter>Header Files</Filter>
    </ClInclude>
    <ClInclude Include="ioFile.h">
      <Filter>Header Files</Filter>
    </ClInclude>
    <ClInclude Include="fitBoxes.h">
      <Filter>Header Files</Filter>
    </ClInclude>
    <ClInclude Include="draw_model.h">
      <Filter>Header Files</Filter>
    </ClInclude>
    <ClInclude Include="CVertexGroup.h">
      <Filter>Header Files</Filter>
    </ClInclude>
    <ClInclude Include="CVector3D.h">
      <Filter>Header Files</Filter>
    </ClInclude>
    <ClInclude Include="CScanVertex.h">
      <Filter>Header Files</Filter>
    </ClInclude>
    <ClInclude Include="CPolyHedron.h">
      <Filter>Header Files</Filter>
    </ClInclude>
    <ClInclude Include="CPointCloud.h">
      <Filter>Header Files</Filter>
    </ClInclude>
    <ClInclude Include="counted.h">
      <Filter>Header Files</Filter>
    </ClInclude>
    <ClInclude Include="CoordTransf.h">
      <Filter>Header Files</Filter>
    </ClInclude>
    <ClInclude Include="color.h">
      <Filter>Header Files</Filter>
    </ClInclude>
    <ClInclude Include="CMeshObj.h">
      <Filter>Header Files</Filter>
    </ClInclude>
    <ClInclude Include="CFittingBox.h">
      <Filter>Header Files</Filter>
    </ClInclude>
    <ClInclude Include="CCube.h">
      <Filter>Header Files</Filter>
    </ClInclude>
    <ClInclude Include="BoundingBox.h">
      <Filter>Header Files</Filter>
    </ClInclude>
    <ClInclude Include="basic_types.h">
      <Filter>Header Files</Filter>
    </ClInclude>
    <ClInclude Include="kd_tree\kdTree.h">
      <Filter>Header Files</Filter>
    </ClInclude>
    <ClInclude Include="kd_tree\PriorityQueue.h">
      <Filter>Header Files</Filter>
    </ClInclude>
    <ClInclude Include="kd_tree\QueryGrid.h">
      <Filter>Header Files</Filter>
    </ClInclude>
    <ClInclude Include="kd_tree\vector2D.h">
      <Filter>Header Files</Filter>
    </ClInclude>
    <ClInclude Include="kd_tree\vector3D.h">
      <Filter>Header Files</Filter>
    </ClInclude>
  </ItemGroup>
  <ItemGroup>
    <ClCompile Include="tool3D.cpp">
      <Filter>Source Files</Filter>
    </ClCompile>
    <ClCompile Include="tool_manager3d.cpp">
      <Filter>Source Files</Filter>
    </ClCompile>
    <ClCompile Include="simpleWidget.cpp">
      <Filter>Source Files</Filter>
    </ClCompile>
    <ClCompile Include="select_tool.cpp">
      <Filter>Source Files</Filter>
    </ClCompile>
    <ClCompile Include="ransac_detector.cpp">
      <Filter>Source Files</Filter>
    </ClCompile>
    <ClCompile Include="ProgressBar.cpp">
      <Filter>Source Files</Filter>
    </ClCompile>
    <ClCompile Include="PlyLoad.cpp">
      <Filter>Source Files</Filter>
    </ClCompile>
    <ClCompile Include="pgm_io.cpp">
      <Filter>Source Files</Filter>
    </ClCompile>
    <ClCompile Include="Parameters.cpp">
      <Filter>Source Files</Filter>
    </ClCompile>
    <ClCompile Include="paint_canvas.cpp">
      <Filter>Source Files</Filter>
    </ClCompile>
    <ClCompile Include="math_types.cpp">
      <Filter>Source Files</Filter>
    </ClCompile>
    <ClCompile Include="math_global.cpp">
      <Filter>Source Files</Filter>
    </ClCompile>
    <ClCompile Include="main_window.cpp">
      <Filter>Source Files</Filter>
    </ClCompile>
    <ClCompile Include="main.cpp">
      <Filter>Source Files</Filter>
    </ClCompile>
    <ClCompile Include="logger_client.cpp">
      <Filter>Source Files</Filter>
    </ClCompile>
    <ClCompile Include="logger.cpp">
      <Filter>Source Files</Filter>
    </ClCompile>
    <ClCompile Include="ioFile.cpp">
      <Filter>Source Files</Filter>
    </ClCompile>
    <ClCompile Include="fitBoxes.cpp">
      <Filter>Source Files</Filter>
    </ClCompile>
    <ClCompile Include="CVertexGroup.cpp">
      <Filter>Source Files</Filter>
    </ClCompile>
    <ClCompile Include="CVector3D.cpp">
      <Filter>Source Files</Filter>
    </ClCompile>
    <ClCompile Include="CScanVertex.cpp">
      <Filter>Source Files</Filter>
    </ClCompile>
    <ClCompile Include="CPolyHedron.cpp">
      <Filter>Source Files</Filter>
    </ClCompile>
    <ClCompile Include="CPointCloud.cpp">
      <Filter>Source Files</Filter>
    </ClCompile>
    <ClCompile Include="counted.cpp">
      <Filter>Source Files</Filter>
    </ClCompile>
    <ClCompile Include="CoordTransf.cpp">
      <Filter>Source Files</Filter>
    </ClCompile>
    <ClCompile Include="color.cpp">
      <Filter>Source Files</Filter>
    </ClCompile>
    <ClCompile Include="CMeshObj.cpp">
      <Filter>Source Files</Filter>
    </ClCompile>
    <ClCompile Include="CFittingBox.cpp">
      <Filter>Source Files</Filter>
    </ClCompile>
    <ClCompile Include="CDlgAddPlane.cpp">
      <Filter>Source Files</Filter>
    </ClCompile>
    <ClCompile Include="CCube.cpp">
      <Filter>Source Files</Filter>
    </ClCompile>
    <ClCompile Include="BoundingBox.cpp">
      <Filter>Source Files</Filter>
    </ClCompile>
    <ClCompile Include="basic_types.cpp">
      <Filter>Source Files</Filter>
    </ClCompile>
    <ClCompile Include="GeneratedFiles\Debug\moc_simpleWidget.cpp">
      <Filter>Generated Files\Debug</Filter>
    </ClCompile>
    <ClCompile Include="GeneratedFiles\Release\moc_simpleWidget.cpp">
      <Filter>Generated Files\Release</Filter>
    </ClCompile>
    <ClCompile Include="GeneratedFiles\Debug\moc_paint_canvas.cpp">
      <Filter>Generated Files\Debug</Filter>
    </ClCompile>
    <ClCompile Include="GeneratedFiles\Release\moc_paint_canvas.cpp">
      <Filter>Generated Files\Release</Filter>
    </ClCompile>
    <ClCompile Include="GeneratedFiles\Debug\moc_main_window.cpp">
      <Filter>Generated Files\Debug</Filter>
    </ClCompile>
    <ClCompile Include="GeneratedFiles\Release\moc_main_window.cpp">
      <Filter>Generated Files\Release</Filter>
    </ClCompile>
    <ClCompile Include="GeneratedFiles\Debug\moc_CDlgAddPlane.cpp">
      <Filter>Generated Files\Debug</Filter>
    </ClCompile>
    <ClCompile Include="GeneratedFiles\Release\moc_CDlgAddPlane.cpp">
      <Filter>Generated Files\Release</Filter>
    </ClCompile>
    <ClCompile Include="rply.c">
      <Filter>Source Files</Filter>
    </ClCompile>
    <ClCompile Include="kd_tree\kdTree.cpp">
      <Filter>Source Files</Filter>
    </ClCompile>
    <ClCompile Include="DlgFittingBox.cpp">
      <Filter>Source Files</Filter>
    </ClCompile>
    <ClCompile Include="DlgransacParam.cpp">
      <Filter>Source Files</Filter>
    </ClCompile>
    <ClCompile Include="GeneratedFiles\Debug\moc_DlgFittingBox.cpp">
      <Filter>Generated Files\Debug</Filter>
    </ClCompile>
    <ClCompile Include="GeneratedFiles\Release\moc_DlgFittingBox.cpp">
      <Filter>Generated Files\Release</Filter>
    </ClCompile>
    <ClCompile Include="GeneratedFiles\Debug\moc_DlgransacParam.cpp">
      <Filter>Generated Files\Debug</Filter>
    </ClCompile>
    <ClCompile Include="GeneratedFiles\Release\moc_DlgransacParam.cpp">
      <Filter>Generated Files\Release</Filter>
    </ClCompile>
    <ClCompile Include="GeneratedFiles\qrc_ManhattanModeler.cpp">
      <Filter>Generated Files</Filter>
    </ClCompile>
  </ItemGroup>
  <ItemGroup>
    <Image Include="Resources\exit.png">
      <Filter>Resource Files</Filter>
    </Image>
    <Image Include="Resources\fileopen.png">
      <Filter>Resource Files</Filter>
    </Image>
    <Image Include="Resources\filesave.png">
      <Filter>Resource Files</Filter>
    </Image>
    <Image Include="Resources\fullscreen.png">
      <Filter>Resource Files</Filter>
    </Image>
    <Image Include="Resources\home.png">
      <Filter>Resource Files</Filter>
    </Image>
    <Image Include="Resources\lighton.png">
      <Filter>Resource Files</Filter>
    </Image>
    <Image Include="Resources\manipulation.png">
      <Filter>Resource Files</Filter>
    </Image>
    <Image Include="Resources\snap_shot.png">
      <Filter>Resource Files</Filter>
    </Image>
    <Image Include="Resources\transparent.png">
      <Filter>Resource Files</Filter>
    </Image>
    <Image Include="Resources\triangulation.png">
      <Filter>Resource Files</Filter>
    </Image>
  </ItemGroup>
</Project>