<?xml version="1.0" encoding="utf-8"?>
<Project ToolsVersion="4.0" xmlns="http://schemas.microsoft.com/developer/msbuild/2003">
  <ItemGroup>
    <Filter Include="Source Files">
      <UniqueIdentifier>{4FC737F1-C7A5-4376-A066-2A32D752A2FF}</UniqueIdentifier>
      <Extensions>cpp;cxx;c;def</Extensions>
    </Filter>
    <Filter Include="Header Files">
      <UniqueIdentifier>{93995380-89BD-4b04-88EB-625FBE52EBFB}</UniqueIdentifier>
      <Extensions>h</Extensions>
    </Filter>
    <Filter Include="Form Files">
      <UniqueIdentifier>{99349809-55BA-4b9d-BF79-8FDBB0286EB3}</UniqueIdentifier>
      <Extensions>ui</Extensions>
    </Filter>
    <Filter Include="Resource Files">
      <UniqueIdentifier>{D9D6E242-F8AF-46E4-B9FD-80ECBC20BA3E}</UniqueIdentifier>
      <Extensions>qrc;*</Extensions>
      <ParseFiles>false</ParseFiles>
    </Filter>
    <Filter Include="Generated Files">
      <UniqueIdentifier>{71ED8ED8-ACB9-4CE9-BBE1-E00B30144E11}</UniqueIdentifier>
      <Extensions>moc;h;cpp</Extensions>
      <SourceControlFiles>False</SourceControlFiles>
    </Filter>
    <Filter Include="Generated Files\Release">
      <UniqueIdentifier>{c33d19d1-ffc3-4779-b499-219274fa585c}</UniqueIdentifier>
      <Extensions>cpp;moc</Extensions>
      <SourceControlFiles>False</SourceControlFiles>
    </Filter>
    <Filter Include="Generated Files\Debug">
      <UniqueIdentifier>{57fed3f0-dec7-4adf-a260-636e790d3939}</UniqueIdentifier>
      <Extensions>cpp;moc</Extensions>
      <SourceControlFiles>False</SourceControlFiles>
    </Filter>
    <Filter Include="Translation Files">
      <UniqueIdentifier>{639EADAA-A684-42e4-A9AD-28FC9BCB8F7C}</UniqueIdentifier>
      <Extensions>ts</Extensions>
      <ParseFiles>false</ParseFiles>
    </Filter>
  </ItemGroup>
  <ItemGroup>
    <ClCompile Include="VRender\BackFaceCullingOptimizer.cpp">
      <Filter>Source Files</Filter>
    </ClCompile>
    <ClCompile Include="VRender\BSPSortMethod.cpp">
      <Filter>Source Files</Filter>
    </ClCompile>
    <ClCompile Include="camera.cpp">
      <Filter>Source Files</Filter>
    </ClCompile>
    <ClCompile Include="constraint.cpp">
      <Filter>Source Files</Filter>
    </ClCompile>
    <ClCompile Include="VRender\EPSExporter.cpp">
      <Filter>Source Files</Filter>
    </ClCompile>
    <ClCompile Include="VRender\Exporter.cpp">
      <Filter>Source Files</Filter>
    </ClCompile>
    <ClCompile Include="VRender\FIGExporter.cpp">
      <Filter>Source Files</Filter>
    </ClCompile>
    <ClCompile Include="frame.cpp">
      <Filter>Source Files</Filter>
    </ClCompile>
    <ClCompile Include="VRender\gpc.cpp">
      <Filter>Source Files</Filter>
    </ClCompile>
    <ClCompile Include="ImageInterface.cpp">
      <Filter>Source Files</Filter>
    </ClCompile>
    <ClCompile Include="keyFrameInterpolator.cpp">
      <Filter>Source Files</Filter>
    </ClCompile>
    <ClCompile Include="manipulatedCameraFrame.cpp">
      <Filter>Source Files</Filter>
    </ClCompile>
    <ClCompile Include="manipulatedFrame.cpp">
      <Filter>Source Files</Filter>
    </ClCompile>
    <ClCompile Include="mouseGrabber.cpp">
      <Filter>Source Files</Filter>
    </ClCompile>
    <ClCompile Include="VRender\NVector3.cpp">
      <Filter>Source Files</Filter>
    </ClCompile>
    <ClCompile Include="VRender\ParserGL.cpp">
      <Filter>Source Files</Filter>
    </ClCompile>
    <ClCompile Include="VRender\Primitive.cpp">
      <Filter>Source Files</Filter>
    </ClCompile>
    <ClCompile Include="VRender\PrimitivePositioning.cpp">
      <Filter>Source Files</Filter>
    </ClCompile>
    <ClCompile Include="qglviewer.cpp">
      <Filter>Source Files</Filter>
    </ClCompile>
    <ClCompile Include="quaternion.cpp">
      <Filter>Source Files</Filter>
    </ClCompile>
    <ClCompile Include="saveSnapshot.cpp">
      <Filter>Source Files</Filter>
    </ClCompile>
    <ClCompile Include="VRender\TopologicalSortMethod.cpp">
      <Filter>Source Files</Filter>
    </ClCompile>
    <ClCompile Include="vec.cpp">
      <Filter>Source Files</Filter>
    </ClCompile>
    <ClCompile Include="VRender\Vector2.cpp">
      <Filter>Source Files</Filter>
    </ClCompile>
    <ClCompile Include="VRender\Vector3.cpp">
      <Filter>Source Files</Filter>
    </ClCompile>
    <ClCompile Include="VRender\VisibilityOptimizer.cpp">
      <Filter>Source Files</Filter>
    </ClCompile>
    <ClCompile Include="VRender\VRender.cpp">
      <Filter>Source Files</Filter>
    </ClCompile>
    <ClCompile Include="GeneratedFiles\Release\moc_camera.cpp">
      <Filter>Generated Files</Filter>
    </ClCompile>
    <ClCompile Include="GeneratedFiles\Debug\moc_camera.cpp">
      <Filter>Generated Files</Filter>
    </ClCompile>
    <ClCompile Include="GeneratedFiles\Release\moc_frame.cpp">
      <Filter>Generated Files</Filter>
    </ClCompile>
    <ClCompile Include="GeneratedFiles\Debug\moc_frame.cpp">
      <Filter>Generated Files</Filter>
    </ClCompile>
    <ClCompile Include="GeneratedFiles\Release\moc_keyFrameInterpolator.cpp">
      <Filter>Generated Files</Filter>
    </ClCompile>
    <ClCompile Include="GeneratedFiles\Debug\moc_keyFrameInterpolator.cpp">
      <Filter>Generated Files</Filter>
    </ClCompile>
    <ClCompile Include="GeneratedFiles\Release\moc_manipulatedCameraFrame.cpp">
      <Filter>Generated Files</Filter>
    </ClCompile>
    <ClCompile Include="GeneratedFiles\Debug\moc_manipulatedCameraFrame.cpp">
      <Filter>Generated Files</Filter>
    </ClCompile>
    <ClCompile Include="GeneratedFiles\Debug\moc_manipulatedFrame.cpp">
      <Filter>Generated Files</Filter>
    </ClCompile>
    <ClCompile Include="GeneratedFiles\Release\moc_manipulatedFrame.cpp">
      <Filter>Generated Files</Filter>
    </ClCompile>
    <ClCompile Include="GeneratedFiles\Debug\moc_qglviewer.cpp">
      <Filter>Generated Files</Filter>
    </ClCompile>
    <ClCompile Include="GeneratedFiles\Release\moc_qglviewer.cpp">
      <Filter>Generated Files</Filter>
    </ClCompile>
    <ClCompile Include="GeneratedFiles\Release\moc_ImageInterface.cpp">
      <Filter>Generated Files\Release</Filter>
    </ClCompile>
    <ClCompile Include="GeneratedFiles\Debug\moc_ImageInterface.cpp">
      <Filter>Generated Files\Debug</Filter>
    </ClCompile>
  </ItemGroup>
  <ItemGroup>
    <ClInclude Include="VRender\AxisAlignedBox.h">
      <Filter>Header Files</Filter>
    </ClInclude>
    <ClInclude Include="config.h">
      <Filter>Header Files</Filter>
    </ClInclude>
    <ClInclude Include="constraint.h">
      <Filter>Header Files</Filter>
    </ClInclude>
    <ClInclude Include="domUtils.h">
      <Filter>Header Files</Filter>
    </ClInclude>
    <ClInclude Include="VRender\Exporter.h">
      <Filter>Header Files</Filter>
    </ClInclude>
    <ClInclude Include="VRender\gpc.h">
      <Filter>Header Files</Filter>
    </ClInclude>
    <ClInclude Include="mouseGrabber.h">
      <Filter>Header Files</Filter>
    </ClInclude>
    <ClInclude Include="VRender\NVector3.h">
      <Filter>Header Files</Filter>
    </ClInclude>
    <ClInclude Include="VRender\Optimizer.h">
      <Filter>Header Files</Filter>
    </ClInclude>
    <ClInclude Include="VRender\ParserGL.h">
      <Filter>Header Files</Filter>
    </ClInclude>
    <ClInclude Include="VRender\Primitive.h">
      <Filter>Header Files</Filter>
    </ClInclude>
    <ClInclude Include="VRender\PrimitivePositioning.h">
      <Filter>Header Files</Filter>
    </ClInclude>
    <ClInclude Include="quaternion.h">
      <Filter>Header Files</Filter>
    </ClInclude>
    <ClInclude Include="VRender\SortMethod.h">
      <Filter>Header Files</Filter>
    </ClInclude>
    <ClInclude Include="VRender\Types.h">
      <Filter>Header Files</Filter>
    </ClInclude>
    <ClInclude Include="vec.h">
      <Filter>Header Files</Filter>
    </ClInclude>
    <ClInclude Include="VRender\Vector2.h">
      <Filter>Header Files</Filter>
    </ClInclude>
    <ClInclude Include="VRender\Vector3.h">
      <Filter>Header Files</Filter>
    </ClInclude>
    <ClInclude Include="VRender\VRender.h">
      <Filter>Header Files</Filter>
    </ClInclude>
    <ClInclude Include="GeneratedFiles\ui_ImageInterface.h">
      <Filter>Generated Files</Filter>
    </ClInclude>
    <ClInclude Include="GeneratedFiles\ui_VRenderInterface.h">
      <Filter>Generated Files</Filter>
    </ClInclude>
  </ItemGroup>
  <ItemGroup>
    <None Include="qglviewer_fr.ts">
      <Filter>Translation Files</Filter>
    </None>
  </ItemGroup>
  <ItemGroup>
    <CustomBuild Include="camera.h">
      <Filter>Header Files</Filter>
    </CustomBuild>
    <CustomBuild Include="frame.h">
      <Filter>Header Files</Filter>
    </CustomBuild>
    <CustomBuild Include="ImageInterface.h">
      <Filter>Header Files</Filter>
    </CustomBuild>
    <CustomBuild Include="keyFrameInterpolator.h">
      <Filter>Header Files</Filter>
    </CustomBuild>
    <CustomBuild Include="manipulatedCameraFrame.h">
      <Filter>Header Files</Filter>
    </CustomBuild>
    <CustomBuild Include="manipulatedFrame.h">
      <Filter>Header Files</Filter>
    </CustomBuild>
    <CustomBuild Include="qglviewer.h">
      <Filter>Header Files</Filter>
    </CustomBuild>
    <CustomBuild Include="ImageInterface.ui">
      <Filter>Form Files</Filter>
    </CustomBuild>
    <CustomBuild Include="VRenderInterface.ui">
      <Filter>Form Files</Filter>
    </CustomBuild>
  </ItemGroup>
</Project>